
Microsoft Visual Studio Solution File, Format Version 10.00
# Visual Studio 2008
Project("{FAE04EC0-301F-11D3-BF4B-00C04F79EFBC}") = "MVC Sandbox", "MVC Sandbox\MVC Sandbox.csproj", "{21B2270C-A3EF-4E84-B5DC-E113E56D07E7}"
EndProject
Project("{FAE04EC0-301F-11D3-BF4B-00C04F79EFBC}") = "MVC Sandbox.Tests", "MVC Sandbox.Tests\MVC Sandbox.Tests.csproj", "{898A27FE-2B3A-44B9-B878-50FD10F77F67}"
EndProject
Global
	GlobalSection(SolutionConfigurationPlatforms) = preSolution
		Debug|Any CPU = Debug|Any CPU
		Release|Any CPU = Release|Any CPU
	EndGlobalSection
	GlobalSection(ProjectConfigurationPlatforms) = postSolution
		{21B2270C-A3EF-4E84-B5DC-E113E56D07E7}.Debug|Any CPU.ActiveCfg = Debug|Any CPU
		{21B2270C-A3EF-4E84-B5DC-E113E56D07E7}.Debug|Any CPU.Build.0 = Debug|Any CPU
		{21B2270C-A3EF-4E84-B5DC-E113E56D07E7}.Release|Any CPU.ActiveCfg = Release|Any CPU
		{21B2270C-A3EF-4E84-B5DC-E113E56D07E7}.Release|Any CPU.Build.0 = Release|Any CPU
		{898A27FE-2B3A-44B9-B878-50FD10F77F67}.Debug|Any CPU.ActiveCfg = Debug|Any CPU
		{898A27FE-2B3A-44B9-B878-50FD10F77F67}.Debug|Any CPU.Build.0 = Debug|Any CPU
		{898A27FE-2B3A-44B9-B878-50FD10F77F67}.Release|Any CPU.ActiveCfg = Release|Any CPU
		{898A27FE-2B3A-44B9-B878-50FD10F77F67}.Release|Any CPU.Build.0 = Release|Any CPU
	EndGlobalSection
	GlobalSection(SolutionProperties) = preSolution
		HideSolutionNode = FALSE
	EndGlobalSection
EndGlobal
