
Microsoft Visual Studio Solution File, Format Version 10.00
# Visual Studio 2008
Project("{FAE04EC0-301F-11D3-BF4B-00C04F79EFBC}") = "Degradation 3-8", "Degradation 3-8\Degradation 3-8.csproj", "{75912D2A-0475-4FAC-8EFE-C13CF1238495}"
EndProject
Global
	GlobalSection(SolutionConfigurationPlatforms) = preSolution
		Debug|Any CPU = Debug|Any CPU
		Release|Any CPU = Release|Any CPU
	EndGlobalSection
	GlobalSection(ProjectConfigurationPlatforms) = postSolution
		{75912D2A-0475-4FAC-8EFE-C13CF1238495}.Debug|Any CPU.ActiveCfg = Debug|Any CPU
		{75912D2A-0475-4FAC-8EFE-C13CF1238495}.Debug|Any CPU.Build.0 = Debug|Any CPU
		{75912D2A-0475-4FAC-8EFE-C13CF1238495}.Release|Any CPU.ActiveCfg = Release|Any CPU
		{75912D2A-0475-4FAC-8EFE-C13CF1238495}.Release|Any CPU.Build.0 = Release|Any CPU
	EndGlobalSection
	GlobalSection(SolutionProperties) = preSolution
		HideSolutionNode = FALSE
	EndGlobalSection
EndGlobal
