
Microsoft Visual Studio Solution File, Format Version 10.00
# Visual Studio 2008
Project("{CC5FD16D-436D-48AD-A40C-5A424C6E3E79}") = "FirstCloudService", "FirstCloudService\FirstCloudService\FirstCloudService.ccproj", "{44C9E490-FDDD-4228-8C30-A877D991BAC9}"
EndProject
Project("{FAE04EC0-301F-11D3-BF4B-00C04F79EFBC}") = "FirstCloudService_WebRole", "FirstCloudService\FirstCloudService_WebRole\FirstCloudService_WebRole.csproj", "{05556402-223C-4C30-A29D-BC3C59999746}"
EndProject
Global
	GlobalSection(SolutionConfigurationPlatforms) = preSolution
		Debug|Any CPU = Debug|Any CPU
		Release|Any CPU = Release|Any CPU
	EndGlobalSection
	GlobalSection(ProjectConfigurationPlatforms) = postSolution
		{44C9E490-FDDD-4228-8C30-A877D991BAC9}.Debug|Any CPU.ActiveCfg = Debug|Any CPU
		{44C9E490-FDDD-4228-8C30-A877D991BAC9}.Debug|Any CPU.Build.0 = Debug|Any CPU
		{44C9E490-FDDD-4228-8C30-A877D991BAC9}.Release|Any CPU.ActiveCfg = Release|Any CPU
		{44C9E490-FDDD-4228-8C30-A877D991BAC9}.Release|Any CPU.Build.0 = Release|Any CPU
		{05556402-223C-4C30-A29D-BC3C59999746}.Debug|Any CPU.ActiveCfg = Debug|Any CPU
		{05556402-223C-4C30-A29D-BC3C59999746}.Debug|Any CPU.Build.0 = Debug|Any CPU
		{05556402-223C-4C30-A29D-BC3C59999746}.Release|Any CPU.ActiveCfg = Release|Any CPU
		{05556402-223C-4C30-A29D-BC3C59999746}.Release|Any CPU.Build.0 = Release|Any CPU
	EndGlobalSection
	GlobalSection(SolutionProperties) = preSolution
		HideSolutionNode = FALSE
	EndGlobalSection
EndGlobal
